
Microsoft Visual Studio Solution File, Format Version 12.00
# Visual Studio Version 17
VisualStudioVersion = 17.8.34511.84
MinimumVisualStudioVersion = 10.0.40219.1
Project("{FAE04EC0-301F-11D3-BF4B-00C04F79EFBC}") = "CodeFirstApi", "CodeFirstApi\CodeFirstApi.csproj", "{F7B1701D-3B92-4B4B-94E6-189C320A8B9B}"
EndProject
Global
	GlobalSection(SolutionConfigurationPlatforms) = preSolution
		Debug|Any CPU = Debug|Any CPU
		Release|Any CPU = Release|Any CPU
	EndGlobalSection
	GlobalSection(ProjectConfigurationPlatforms) = postSolution
		{F7B1701D-3B92-4B4B-94E6-189C320A8B9B}.Debug|Any CPU.ActiveCfg = Debug|Any CPU
		{F7B1701D-3B92-4B4B-94E6-189C320A8B9B}.Debug|Any CPU.Build.0 = Debug|Any CPU
		{F7B1701D-3B92-4B4B-94E6-189C320A8B9B}.Release|Any CPU.ActiveCfg = Release|Any CPU
		{F7B1701D-3B92-4B4B-94E6-189C320A8B9B}.Release|Any CPU.Build.0 = Release|Any CPU
	EndGlobalSection
	GlobalSection(SolutionProperties) = preSolution
		HideSolutionNode = FALSE
	EndGlobalSection
	GlobalSection(ExtensibilityGlobals) = postSolution
		SolutionGuid = {B5B9B258-B459-4275-A4C6-59B019EA2C6A}
	EndGlobalSection
EndGlobal
